// !$*UTF8*$!
{
	archiveVersion = 1;
	classes = {
	};
	objectVersion = 55;
	objects = {

/* Begin PBXBuildFile section */
		4B969C34284661FB006FF9C1 /* oink.wav in Resources */ = {isa = PBXBuildFile; fileRef = 4B969C33284661FB006FF9C1 /* oink.wav */; };
		4B9DD76528351C5D00266EB4 /* AppDelegate.swift in Sources */ = {isa = PBXBuildFile; fileRef = 4B9DD76428351C5D00266EB4 /* AppDelegate.swift */; };
		4B9DD76728351C5D00266EB4 /* SceneDelegate.swift in Sources */ = {isa = PBXBuildFile; fileRef = 4B9DD76628351C5D00266EB4 /* SceneDelegate.swift */; };
		4B9DD76928351C5D00266EB4 /* ViewController.swift in Sources */ = {isa = PBXBuildFile; fileRef = 4B9DD76828351C5D00266EB4 /* ViewController.swift */; };
		4B9DD76C28351C5D00266EB4 /* Main.storyboard in Resources */ = {isa = PBXBuildFile; fileRef = 4B9DD76A28351C5D00266EB4 /* Main.storyboard */; };
		4B9DD76E28351C5F00266EB4 /* Assets.xcassets in Resources */ = {isa = PBXBuildFile; fileRef = 4B9DD76D28351C5F00266EB4 /* Assets.xcassets */; };
		4B9DD77128351C5F00266EB4 /* LaunchScreen.storyboard in Resources */ = {isa = PBXBuildFile; fileRef = 4B9DD76F28351C5F00266EB4 /* LaunchScreen.storyboard */; };
/* End PBXBuildFile section */

/* Begin PBXContainerItemProxy section */
		4B9DD77828351C5F00266EB4 /* PBXContainerItemProxy */ = {
			isa = PBXContainerItemProxy;
			containerPortal = 4B9DD75928351C5D00266EB4 /* Project object */;
			proxyType = 1;
			remoteGlobalIDString = 4B9DD76028351C5D00266EB4;
			remoteInfo = PocketMoneyCounter;
		};
		4B9DD78228351C5F00266EB4 /* PBXContainerItemProxy */ = {
			isa = PBXContainerItemProxy;
			containerPortal = 4B9DD75928351C5D00266EB4 /* Project object */;
			proxyType = 1;
			remoteGlobalIDString = 4B9DD76028351C5D00266EB4;
			remoteInfo = PocketMoneyCounter;
		};
/* End PBXContainerItemProxy section */

/* Begin PBXFileReference section */
		4B969C33284661FB006FF9C1 /* oink.wav */ = {isa = PBXFileReference; lastKnownFileType = audio.wav; path = oink.wav; sourceTree = "<group>"; };
		4B9DD76128351C5D00266EB4 /* PocketMoneyCounter.app */ = {isa = PBXFileReference; explicitFileType = wrapper.application; includeInIndex = 0; path = PocketMoneyCounter.app; sourceTree = BUILT_PRODUCTS_DIR; };
		4B9DD76428351C5D00266EB4 /* AppDelegate.swift */ = {isa = PBXFileReference; lastKnownFileType = sourcecode.swift; path = AppDelegate.swift; sourceTree = "<group>"; };
		4B9DD76628351C5D00266EB4 /* SceneDelegate.swift */ = {isa = PBXFileReference; lastKnownFileType = sourcecode.swift; path = SceneDelegate.swift; sourceTree = "<group>"; };
		4B9DD76828351C5D00266EB4 /* ViewController.swift */ = {isa = PBXFileReference; lastKnownFileType = sourcecode.swift; path = ViewController.swift; sourceTree = "<group>"; };
		4B9DD76B28351C5D00266EB4 /* Base */ = {isa = PBXFileReference; lastKnownFileType = file.storyboard; name = Base; path = Base.lproj/Main.storyboard; sourceTree = "<group>"; };
		4B9DD76D28351C5F00266EB4 /* Assets.xcassets */ = {isa = PBXFileReference; lastKnownFileType = folder.assetcatalog; path = Assets.xcassets; sourceTree = "<group>"; };
		4B9DD77028351C5F00266EB4 /* Base */ = {isa = PBXFileReference; lastKnownFileType = file.storyboard; name = Base; path = Base.lproj/LaunchScreen.storyboard; sourceTree = "<group>"; };
		4B9DD77228351C5F00266EB4 /* Info.plist */ = {isa = PBXFileReference; lastKnownFileType = text.plist.xml; path = Info.plist; sourceTree = "<group>"; };
		4B9DD77728351C5F00266EB4 /* PocketMoneyCounterTests.xctest */ = {isa = PBXFileReference; explicitFileType = wrapper.cfbundle; includeInIndex = 0; path = PocketMoneyCounterTests.xctest; sourceTree = BUILT_PRODUCTS_DIR; };
		4B9DD78128351C5F00266EB4 /* PocketMoneyCounterUITests.xctest */ = {isa = PBXFileReference; explicitFileType = wrapper.cfbundle; includeInIndex = 0; path = PocketMoneyCounterUITests.xctest; sourceTree = BUILT_PRODUCTS_DIR; };
/* End PBXFileReference section */

/* Begin PBXFrameworksBuildPhase section */
		4B9DD75E28351C5D00266EB4 /* Frameworks */ = {
			isa = PBXFrameworksBuildPhase;
			buildActionMask = 2147483647;
			files = (
			);
			runOnlyForDeploymentPostprocessing = 0;
		};
		4B9DD77428351C5F00266EB4 /* Frameworks */ = {
			isa = PBXFrameworksBuildPhase;
			buildActionMask = 2147483647;
			files = (
			);
			runOnlyForDeploymentPostprocessing = 0;
		};
		4B9DD77E28351C5F00266EB4 /* Frameworks */ = {
			isa = PBXFrameworksBuildPhase;
			buildActionMask = 2147483647;
			files = (
			);
			runOnlyForDeploymentPostprocessing = 0;
		};
/* End PBXFrameworksBuildPhase section */

/* Begin PBXGroup section */
		4B969C32284661FB006FF9C1 /* sounds */ = {
			isa = PBXGroup;
			children = (
				4B969C33284661FB006FF9C1 /* oink.wav */,
			);
			name = sounds;
			path = ../../../../Downloads/sounds;
			sourceTree = "<group>";
		};
		4B9DD75828351C5D00266EB4 = {
			isa = PBXGroup;
			children = (
				4B9DD76328351C5D00266EB4 /* PocketMoneyCounter */,
				4B9DD76228351C5D00266EB4 /* Products */,
			);
			sourceTree = "<group>";
		};
		4B9DD76228351C5D00266EB4 /* Products */ = {
			isa = PBXGroup;
			children = (
				4B9DD76128351C5D00266EB4 /* PocketMoneyCounter.app */,
				4B9DD77728351C5F00266EB4 /* PocketMoneyCounterTests.xctest */,
				4B9DD78128351C5F00266EB4 /* PocketMoneyCounterUITests.xctest */,
			);
			name = Products;
			sourceTree = "<group>";
		};
		4B9DD76328351C5D00266EB4 /* PocketMoneyCounter */ = {
			isa = PBXGroup;
			children = (
				4B9DD76428351C5D00266EB4 /* AppDelegate.swift */,
				4B9DD76628351C5D00266EB4 /* SceneDelegate.swift */,
				4B9DD76828351C5D00266EB4 /* ViewController.swift */,
				4B9DD76A28351C5D00266EB4 /* Main.storyboard */,
				4B9DD76D28351C5F00266EB4 /* Assets.xcassets */,
				4B9DD76F28351C5F00266EB4 /* LaunchScreen.storyboard */,
				4B9DD77228351C5F00266EB4 /* Info.plist */,
				4B969C32284661FB006FF9C1 /* sounds */,
			);
			path = PocketMoneyCounter;
			sourceTree = "<group>";
		};
/* End PBXGroup section */

/* Begin PBXNativeTarget section */
		4B9DD76028351C5D00266EB4 /* PocketMoneyCounter */ = {
			isa = PBXNativeTarget;
			buildConfigurationList = 4B9DD78B28351C5F00266EB4 /* Build configuration list for PBXNativeTarget "PocketMoneyCounter" */;
			buildPhases = (
				4B9DD75D28351C5D00266EB4 /* Sources */,
				4B9DD75E28351C5D00266EB4 /* Frameworks */,
				4B9DD75F28351C5D00266EB4 /* Resources */,
			);
			buildRules = (
			);
			dependencies = (
			);
			name = PocketMoneyCounter;
			productName = PocketMoneyCounter;
			productReference = 4B9DD76128351C5D00266EB4 /* PocketMoneyCounter.app */;
			productType = "com.apple.product-type.application";
		};
		4B9DD77628351C5F00266EB4 /* PocketMoneyCounterTests */ = {
			isa = PBXNativeTarget;
			buildConfigurationList = 4B9DD78E28351C5F00266EB4 /* Build configuration list for PBXNativeTarget "PocketMoneyCounterTests" */;
			buildPhases = (
				4B9DD77328351C5F00266EB4 /* Sources */,
				4B9DD77428351C5F00266EB4 /* Frameworks */,
				4B9DD77528351C5F00266EB4 /* Resources */,
			);
			buildRules = (
			);
			dependencies = (
				4B9DD77928351C5F00266EB4 /* PBXTargetDependency */,
			);
			name = PocketMoneyCounterTests;
			productName = PocketMoneyCounterTests;
			productReference = 4B9DD77728351C5F00266EB4 /* PocketMoneyCounterTests.xctest */;
			productType = "com.apple.product-type.bundle.unit-test";
		};
		4B9DD78028351C5F00266EB4 /* PocketMoneyCounterUITests */ = {
			isa = PBXNativeTarget;
			buildConfigurationList = 4B9DD79128351C5F00266EB4 /* Build configuration list for PBXNativeTarget "PocketMoneyCounterUITests" */;
			buildPhases = (
				4B9DD77D28351C5F00266EB4 /* Sources */,
				4B9DD77E28351C5F00266EB4 /* Frameworks */,
				4B9DD77F28351C5F00266EB4 /* Resources */,
			);
			buildRules = (
			);
			dependencies = (
				4B9DD78328351C5F00266EB4 /* PBXTargetDependency */,
			);
			name = PocketMoneyCounterUITests;
			productName = PocketMoneyCounterUITests;
			productReference = 4B9DD78128351C5F00266EB4 /* PocketMoneyCounterUITests.xctest */;
			productType = "com.apple.product-type.bundle.ui-testing";
		};
/* End PBXNativeTarget section */

/* Begin PBXProject section */
		4B9DD75928351C5D00266EB4 /* Project object */ = {
			isa = PBXProject;
			attributes = {
				BuildIndependentTargetsInParallel = 1;
				LastSwiftUpdateCheck = 1320;
				LastUpgradeCheck = 1320;
				TargetAttributes = {
					4B9DD76028351C5D00266EB4 = {
						CreatedOnToolsVersion = 13.2.1;
					};
					4B9DD77628351C5F00266EB4 = {
						CreatedOnToolsVersion = 13.2.1;
						TestTargetID = 4B9DD76028351C5D00266EB4;
					};
					4B9DD78028351C5F00266EB4 = {
						CreatedOnToolsVersion = 13.2.1;
						TestTargetID = 4B9DD76028351C5D00266EB4;
					};
				};
			};
			buildConfigurationList = 4B9DD75C28351C5D00266EB4 /* Build configuration list for PBXProject "PocketMoneyCounter" */;
			compatibilityVersion = "Xcode 13.0";
			developmentRegion = en;
			hasScannedForEncodings = 0;
			knownRegions = (
				en,
				Base,
			);
			mainGroup = 4B9DD75828351C5D00266EB4;
			productRefGroup = 4B9DD76228351C5D00266EB4 /* Products */;
			projectDirPath = "";
			projectRoot = "";
			targets = (
				4B9DD76028351C5D00266EB4 /* PocketMoneyCounter */,
				4B9DD77628351C5F00266EB4 /* PocketMoneyCounterTests */,
				4B9DD78028351C5F00266EB4 /* PocketMoneyCounterUITests */,
			);
		};
/* End PBXProject section */

/* Begin PBXResourcesBuildPhase section */
		4B9DD75F28351C5D00266EB4 /* Resources */ = {
			isa = PBXResourcesBuildPhase;
			buildActionMask = 2147483647;
			files = (
				4B9DD77128351C5F00266EB4 /* LaunchScreen.storyboard in Resources */,
				4B969C34284661FB006FF9C1 /* oink.wav in Resources */,
				4B9DD76E28351C5F00266EB4 /* Assets.xcassets in Resources */,
				4B9DD76C28351C5D00266EB4 /* Main.storyboard in Resources */,
			);
			runOnlyForDeploymentPostprocessing = 0;
		};
		4B9DD77528351C5F00266EB4 /* Resources */ = {
			isa = PBXResourcesBuildPhase;
			buildActionMask = 2147483647;
			files = (
			);
			runOnlyForDeploymentPostprocessing = 0;
		};
		4B9DD77F28351C5F00266EB4 /* Resources */ = {
			isa = PBXResourcesBuildPhase;
			buildActionMask = 2147483647;
			files = (
			);
			runOnlyForDeploymentPostprocessing = 0;
		};
/* End PBXResourcesBuildPhase section */

/* Begin PBXSourcesBuildPhase section */
		4B9DD75D28351C5D00266EB4 /* Sources */ = {
			isa = PBXSourcesBuildPhase;
			buildActionMask = 2147483647;
			files = (
				4B9DD76928351C5D00266EB4 /* ViewController.swift in Sources */,
				4B9DD76528351C5D00266EB4 /* AppDelegate.swift in Sources */,
				4B9DD76728351C5D00266EB4 /* SceneDelegate.swift in Sources */,
			);
			runOnlyForDeploymentPostprocessing = 0;
		};
		4B9DD77328351C5F00266EB4 /* Sources */ = {
			isa = PBXSourcesBuildPhase;
			buildActionMask = 2147483647;
			files = (
			);
			runOnlyForDeploymentPostprocessing = 0;
		};
		4B9DD77D28351C5F00266EB4 /* Sources */ = {
			isa = PBXSourcesBuildPhase;
			buildActionMask = 2147483647;
			files = (
			);
			runOnlyForDeploymentPostprocessing = 0;
		};
/* End PBXSourcesBuildPhase section */

/* Begin PBXTargetDependency section */
		4B9DD77928351C5F00266EB4 /* PBXTargetDependency */ = {
			isa = PBXTargetDependency;
			target = 4B9DD76028351C5D00266EB4 /* PocketMoneyCounter */;
			targetProxy = 4B9DD77828351C5F00266EB4 /* PBXContainerItemProxy */;
		};
		4B9DD78328351C5F00266EB4 /* PBXTargetDependency */ = {
			isa = PBXTargetDependency;
			target = 4B9DD76028351C5D00266EB4 /* PocketMoneyCounter */;
			targetProxy = 4B9DD78228351C5F00266EB4 /* PBXContainerItemProxy */;
		};
/* End PBXTargetDependency section */

/* Begin PBXVariantGroup section */
		4B9DD76A28351C5D00266EB4 /* Main.storyboard */ = {
			isa = PBXVariantGroup;
			children = (
				4B9DD76B28351C5D00266EB4 /* Base */,
			);
			name = Main.storyboard;
			sourceTree = "<group>";
		};
		4B9DD76F28351C5F00266EB4 /* LaunchScreen.storyboard */ = {
			isa = PBXVariantGroup;
			children = (
				4B9DD77028351C5F00266EB4 /* Base */,
			);
			name = LaunchScreen.storyboard;
			sourceTree = "<group>";
		};
/* End PBXVariantGroup section */

/* Begin XCBuildConfiguration section */
		4B9DD78928351C5F00266EB4 /* Debug */ = {
			isa = XCBuildConfiguration;
			buildSettings = {
				ALWAYS_SEARCH_USER_PATHS = NO;
				CLANG_ANALYZER_NONNULL = YES;
				CLANG_ANALYZER_NUMBER_OBJECT_CONVERSION = YES_AGGRESSIVE;
				CLANG_CXX_LANGUAGE_STANDARD = "gnu++17";
				CLANG_CXX_LIBRARY = "libc++";
				CLANG_ENABLE_MODULES = YES;
				CLANG_ENABLE_OBJC_ARC = YES;
				CLANG_ENABLE_OBJC_WEAK = YES;
				CLANG_WARN_BLOCK_CAPTURE_AUTORELEASING = YES;
				CLANG_WARN_BOOL_CONVERSION = YES;
				CLANG_WARN_COMMA = YES;
				CLANG_WARN_CONSTANT_CONVERSION = YES;
				CLANG_WARN_DEPRECATED_OBJC_IMPLEMENTATIONS = YES;
				CLANG_WARN_DIRECT_OBJC_ISA_USAGE = YES_ERROR;
				CLANG_WARN_DOCUMENTATION_COMMENTS = YES;
				CLANG_WARN_EMPTY_BODY = YES;
				CLANG_WARN_ENUM_CONVERSION = YES;
				CLANG_WARN_INFINITE_RECURSION = YES;
				CLANG_WARN_INT_CONVERSION = YES;
				CLANG_WARN_NON_LITERAL_NULL_CONVERSION = YES;
				CLANG_WARN_OBJC_IMPLICIT_RETAIN_SELF = YES;
				CLANG_WARN_OBJC_LITERAL_CONVERSION = YES;
				CLANG_WARN_OBJC_ROOT_CLASS = YES_ERROR;
				CLANG_WARN_QUOTED_INCLUDE_IN_FRAMEWORK_HEADER = YES;
				CLANG_WARN_RANGE_LOOP_ANALYSIS = YES;
				CLANG_WARN_STRICT_PROTOTYPES = YES;
				CLANG_WARN_SUSPICIOUS_MOVE = YES;
				CLANG_WARN_UNGUARDED_AVAILABILITY = YES_AGGRESSIVE;
				CLANG_WARN_UNREACHABLE_CODE = YES;
				CLANG_WARN__DUPLICATE_METHOD_MATCH = YES;
				COPY_PHASE_STRIP = NO;
				DEBUG_INFORMATION_FORMAT = dwarf;
				ENABLE_STRICT_OBJC_MSGSEND = YES;
				ENABLE_TESTABILITY = YES;
				GCC_C_LANGUAGE_STANDARD = gnu11;
				GCC_DYNAMIC_NO_PIC = NO;
				GCC_NO_COMMON_BLOCKS = YES;
				GCC_OPTIMIZATION_LEVEL = 0;
				GCC_PREPROCESSOR_DEFINITIONS = (
					"DEBUG=1",
					"$(inherited)",
				);
				GCC_WARN_64_TO_32_BIT_CONVERSION = YES;
				GCC_WARN_ABOUT_RETURN_TYPE = YES_ERROR;
				GCC_WARN_UNDECLARED_SELECTOR = YES;
				GCC_WARN_UNINITIALIZED_AUTOS = YES_AGGRESSIVE;
				GCC_WARN_UNUSED_FUNCTION = YES;
				GCC_WARN_UNUSED_VARIABLE = YES;
				IPHONEOS_DEPLOYMENT_TARGET = 15.2;
				MTL_ENABLE_DEBUG_INFO = INCLUDE_SOURCE;
				MTL_FAST_MATH = YES;
				ONLY_ACTIVE_ARCH = YES;
				SDKROOT = iphoneos;
				SWIFT_ACTIVE_COMPILATION_CONDITIONS = DEBUG;
				SWIFT_OPTIMIZATION_LEVEL = "-Onone";
			};
			name = Debug;
		};
		4B9DD78A28351C5F00266EB4 /* Release */ = {
			isa = XCBuildConfiguration;
			buildSettings = {
				ALWAYS_SEARCH_USER_PATHS = NO;
				CLANG_ANALYZER_NONNULL = YES;
				CLANG_ANALYZER_NUMBER_OBJECT_CONVERSION = YES_AGGRESSIVE;
				CLANG_CXX_LANGUAGE_STANDARD = "gnu++17";
				CLANG_CXX_LIBRARY = "libc++";
				CLANG_ENABLE_MODULES = YES;
				CLANG_ENABLE_OBJC_ARC = YES;
				CLANG_ENABLE_OBJC_WEAK = YES;
				CLANG_WARN_BLOCK_CAPTURE_AUTORELEASING = YES;
				CLANG_WARN_BOOL_CONVERSION = YES;
				CLANG_WARN_COMMA = YES;
				CLANG_WARN_CONSTANT_CONVERSION = YES;
				CLANG_WARN_DEPRECATED_OBJC_IMPLEMENTATIONS = YES;
				CLANG_WARN_DIRECT_OBJC_ISA_USAGE = YES_ERROR;
				CLANG_WARN_DOCUMENTATION_COMMENTS = YES;
				CLANG_WARN_EMPTY_BODY = YES;
				CLANG_WARN_ENUM_CONVERSION = YES;
				CLANG_WARN_INFINITE_RECURSION = YES;
				CLANG_WARN_INT_CONVERSION = YES;
				CLANG_WARN_NON_LITERAL_NULL_CONVERSION = YES;
				CLANG_WARN_OBJC_IMPLICIT_RETAIN_SELF = YES;
				CLANG_WARN_OBJC_LITERAL_CONVERSION = YES;
				CLANG_WARN_OBJC_ROOT_CLASS = YES_ERROR;
				CLANG_WARN_QUOTED_INCLUDE_IN_FRAMEWORK_HEADER = YES;
				CLANG_WARN_RANGE_LOOP_ANALYSIS = YES;
				CLANG_WARN_STRICT_PROTOTYPES = YES;
				CLANG_WARN_SUSPICIOUS_MOVE = YES;
				CLANG_WARN_UNGUARDED_AVAILABILITY = YES_AGGRESSIVE;
				CLANG_WARN_UNREACHABLE_CODE = YES;
				CLANG_WARN__DUPLICATE_METHOD_MATCH = YES;
				COPY_PHASE_STRIP = NO;
				DEBUG_INFORMATION_FORMAT = "dwarf-with-dsym";
				ENABLE_NS_ASSERTIONS = NO;
				ENABLE_STRICT_OBJC_MSGSEND = YES;
				GCC_C_LANGUAGE_STANDARD = gnu11;
				GCC_NO_COMMON_BLOCKS = YES;
				GCC_WARN_64_TO_32_BIT_CONVERSION = YES;
				GCC_WARN_ABOUT_RETURN_TYPE = YES_ERROR;
				GCC_WARN_UNDECLARED_SELECTOR = YES;
				GCC_WARN_UNINITIALIZED_AUTOS = YES_AGGRESSIVE;
				GCC_WARN_UNUSED_FUNCTION = YES;
				GCC_WARN_UNUSED_VARIABLE = YES;
				IPHONEOS_DEPLOYMENT_TARGET = 15.2;
				MTL_ENABLE_DEBUG_INFO = NO;
				MTL_FAST_MATH = YES;
				SDKROOT = iphoneos;
				SWIFT_COMPILATION_MODE = wholemodule;
				SWIFT_OPTIMIZATION_LEVEL = "-O";
				VALIDATE_PRODUCT = YES;
			};
			name = Release;
		};
		4B9DD78C28351C5F00266EB4 /* Debug */ = {
			isa = XCBuildConfiguration;
			buildSettings = {
				ASSETCATALOG_COMPILER_APPICON_NAME = AppIcon;
				ASSETCATALOG_COMPILER_GLOBAL_ACCENT_COLOR_NAME = AccentColor;
				CODE_SIGN_STYLE = Automatic;
				CURRENT_PROJECT_VERSION = 1;
				DEVELOPMENT_TEAM = 45M4B7MJ48;
				GENERATE_INFOPLIST_FILE = YES;
				INFOPLIST_FILE = PocketMoneyCounter/Info.plist;
				INFOPLIST_KEY_UIApplicationSupportsIndirectInputEvents = YES;
				INFOPLIST_KEY_UILaunchStoryboardName = LaunchScreen;
				INFOPLIST_KEY_UIMainStoryboardFile = Main;
				INFOPLIST_KEY_UISupportedInterfaceOrientations_iPad = "UIInterfaceOrientationPortrait UIInterfaceOrientationPortraitUpsideDown UIInterfaceOrientationLandscapeLeft UIInterfaceOrientationLandscapeRight";
				INFOPLIST_KEY_UISupportedInterfaceOrientations_iPhone = "UIInterfaceOrientationPortrait UIInterfaceOrientationLandscapeLeft UIInterfaceOrientationLandscapeRight";
				LD_RUNPATH_SEARCH_PATHS = (
					"$(inherited)",
					"@executable_path/Frameworks",
				);
				MARKETING_VERSION = 1.0;
				PRODUCT_BUNDLE_IDENTIFIER = com.kimop85.PocketMoneyCounter;
				PRODUCT_NAME = "$(TARGET_NAME)";
				SWIFT_EMIT_LOC_STRINGS = YES;
				SWIFT_VERSION = 5.0;
				TARGETED_DEVICE_FAMILY = "1,2";
			};
			name = Debug;
		};
		4B9DD78D28351C5F00266EB4 /* Release */ = {
			isa = XCBuildConfiguration;
			buildSettings = {
				ASSETCATALOG_COMPILER_APPICON_NAME = AppIcon;
				ASSETCATALOG_COMPILER_GLOBAL_ACCENT_COLOR_NAME = AccentColor;
				CODE_SIGN_STYLE = Automatic;
				CURRENT_PROJECT_VERSION = 1;
				DEVELOPMENT_TEAM = 45M4B7MJ48;
				GENERATE_INFOPLIST_FILE = YES;
				INFOPLIST_FILE = PocketMoneyCounter/Info.plist;
				INFOPLIST_KEY_UIApplicationSupportsIndirectInputEvents = YES;
				INFOPLIST_KEY_UILaunchStoryboardName = LaunchScreen;
				INFOPLIST_KEY_UIMainStoryboardFile = Main;
				INFOPLIST_KEY_UISupportedInterfaceOrientations_iPad = "UIInterfaceOrientationPortrait UIInterfaceOrientationPortraitUpsideDown UIInterfaceOrientationLandscapeLeft UIInterfaceOrientationLandscapeRight";
				INFOPLIST_KEY_UISupportedInterfaceOrientations_iPhone = "UIInterfaceOrientationPortrait UIInterfaceOrientationLandscapeLeft UIInterfaceOrientationLandscapeRight";
				LD_RUNPATH_SEARCH_PATHS = (
					"$(inherited)",
					"@executable_path/Frameworks",
				);
				MARKETING_VERSION = 1.0;
				PRODUCT_BUNDLE_IDENTIFIER = com.kimop85.PocketMoneyCounter;
				PRODUCT_NAME = "$(TARGET_NAME)";
				SWIFT_EMIT_LOC_STRINGS = YES;
				SWIFT_VERSION = 5.0;
				TARGETED_DEVICE_FAMILY = "1,2";
			};
			name = Release;
		};
		4B9DD78F28351C5F00266EB4 /* Debug */ = {
			isa = XCBuildConfiguration;
			buildSettings = {
				ALWAYS_EMBED_SWIFT_STANDARD_LIBRARIES = YES;
				BUNDLE_LOADER = "$(TEST_HOST)";
				CODE_SIGN_STYLE = Automatic;
				CURRENT_PROJECT_VERSION = 1;
				DEVELOPMENT_TEAM = 45M4B7MJ48;
				GENERATE_INFOPLIST_FILE = YES;
				IPHONEOS_DEPLOYMENT_TARGET = 15.2;
				MARKETING_VERSION = 1.0;
				PRODUCT_BUNDLE_IDENTIFIER = com.kimop85.PocketMoneyCounterTests;
				PRODUCT_NAME = "$(TARGET_NAME)";
				SWIFT_EMIT_LOC_STRINGS = NO;
				SWIFT_VERSION = 5.0;
				TARGETED_DEVICE_FAMILY = "1,2";
				TEST_HOST = "$(BUILT_PRODUCTS_DIR)/PocketMoneyCounter.app/PocketMoneyCounter";
			};
			name = Debug;
		};
		4B9DD79028351C5F00266EB4 /* Release */ = {
			isa = XCBuildConfiguration;
			buildSettings = {
				ALWAYS_EMBED_SWIFT_STANDARD_LIBRARIES = YES;
				BUNDLE_LOADER = "$(TEST_HOST)";
				CODE_SIGN_STYLE = Automatic;
				CURRENT_PROJECT_VERSION = 1;
				DEVELOPMENT_TEAM = 45M4B7MJ48;
				GENERATE_INFOPLIST_FILE = YES;
				IPHONEOS_DEPLOYMENT_TARGET = 15.2;
				MARKETING_VERSION = 1.0;
				PRODUCT_BUNDLE_IDENTIFIER = com.kimop85.PocketMoneyCounterTests;
				PRODUCT_NAME = "$(TARGET_NAME)";
				SWIFT_EMIT_LOC_STRINGS = NO;
				SWIFT_VERSION = 5.0;
				TARGETED_DEVICE_FAMILY = "1,2";
				TEST_HOST = "$(BUILT_PRODUCTS_DIR)/PocketMoneyCounter.app/PocketMoneyCounter";
			};
			name = Release;
		};
		4B9DD79228351C5F00266EB4 /* Debug */ = {
			isa = XCBuildConfiguration;
			buildSettings = {
				ALWAYS_EMBED_SWIFT_STANDARD_LIBRARIES = YES;
				CODE_SIGN_STYLE = Automatic;
				CURRENT_PROJECT_VERSION = 1;
				DEVELOPMENT_TEAM = 45M4B7MJ48;
				GENERATE_INFOPLIST_FILE = YES;
				MARKETING_VERSION = 1.0;
				PRODUCT_BUNDLE_IDENTIFIER = com.kimop85.PocketMoneyCounterUITests;
				PRODUCT_NAME = "$(TARGET_NAME)";
				SWIFT_EMIT_LOC_STRINGS = NO;
				SWIFT_VERSION = 5.0;
				TARGETED_DEVICE_FAMILY = "1,2";
				TEST_TARGET_NAME = PocketMoneyCounter;
			};
			name = Debug;
		};
		4B9DD79328351C5F00266EB4 /* Release */ = {
			isa = XCBuildConfiguration;
			buildSettings = {
				ALWAYS_EMBED_SWIFT_STANDARD_LIBRARIES = YES;
				CODE_SIGN_STYLE = Automatic;
				CURRENT_PROJECT_VERSION = 1;
				DEVELOPMENT_TEAM = 45M4B7MJ48;
				GENERATE_INFOPLIST_FILE = YES;
				MARKETING_VERSION = 1.0;
				PRODUCT_BUNDLE_IDENTIFIER = com.kimop85.PocketMoneyCounterUITests;
				PRODUCT_NAME = "$(TARGET_NAME)";
				SWIFT_EMIT_LOC_STRINGS = NO;
				SWIFT_VERSION = 5.0;
				TARGETED_DEVICE_FAMILY = "1,2";
				TEST_TARGET_NAME = PocketMoneyCounter;
			};
			name = Release;
		};
/* End XCBuildConfiguration section */

/* Begin XCConfigurationList section */
		4B9DD75C28351C5D00266EB4 /* Build configuration list for PBXProject "PocketMoneyCounter" */ = {
			isa = XCConfigurationList;
			buildConfigurations = (
				4B9DD78928351C5F00266EB4 /* Debug */,
				4B9DD78A28351C5F00266EB4 /* Release */,
			);
			defaultConfigurationIsVisible = 0;
			defaultConfigurationName = Release;
		};
		4B9DD78B28351C5F00266EB4 /* Build configuration list for PBXNativeTarget "PocketMoneyCounter" */ = {
			isa = XCConfigurationList;
			buildConfigurations = (
				4B9DD78C28351C5F00266EB4 /* Debug */,
				4B9DD78D28351C5F00266EB4 /* Release */,
			);
			defaultConfigurationIsVisible = 0;
			defaultConfigurationName = Release;
		};
		4B9DD78E28351C5F00266EB4 /* Build configuration list for PBXNativeTarget "PocketMoneyCounterTests" */ = {
			isa = XCConfigurationList;
			buildConfigurations = (
				4B9DD78F28351C5F00266EB4 /* Debug */,
				4B9DD79028351C5F00266EB4 /* Release */,
			);
			defaultConfigurationIsVisible = 0;
			defaultConfigurationName = Release;
		};
		4B9DD79128351C5F00266EB4 /* Build configuration list for PBXNativeTarget "PocketMoneyCounterUITests" */ = {
			isa = XCConfigurationList;
			buildConfigurations = (
				4B9DD79228351C5F00266EB4 /* Debug */,
				4B9DD79328351C5F00266EB4 /* Release */,
			);
			defaultConfigurationIsVisible = 0;
			defaultConfigurationName = Release;
		};
/* End XCConfigurationList section */
	};
	rootObject = 4B9DD75928351C5D00266EB4 /* Project object */;
}
